
Microsoft Visual Studio Solution File, Format Version 12.00
# Visual Studio Version 17
VisualStudioVersion = 17.13.35931.197 d17.13
MinimumVisualStudioVersion = 10.0.40219.1
Project("{FAE04EC0-301F-11D3-BF4B-00C04F79EFBC}") = "ControlUpgrade", "ControlUpgrade\ControlUpgrade.csproj", "{3EED0019-B9DA-474B-841C-AA298A039FE4}"
EndProject
Global
	GlobalSection(SolutionConfigurationPlatforms) = preSolution
		Debug|Any CPU = Debug|Any CPU
		Release|Any CPU = Release|Any CPU
	EndGlobalSection
	GlobalSection(ProjectConfigurationPlatforms) = postSolution
		{3EED0019-B9DA-474B-841C-AA298A039FE4}.Debug|Any CPU.ActiveCfg = Debug|Any CPU
		{3EED0019-B9DA-474B-841C-AA298A039FE4}.Debug|Any CPU.Build.0 = Debug|Any CPU
		{3EED0019-B9DA-474B-841C-AA298A039FE4}.Release|Any CPU.ActiveCfg = Release|Any CPU
		{3EED0019-B9DA-474B-841C-AA298A039FE4}.Release|Any CPU.Build.0 = Release|Any CPU
	EndGlobalSection
	GlobalSection(SolutionProperties) = preSolution
		HideSolutionNode = FALSE
	EndGlobalSection
	GlobalSection(ExtensibilityGlobals) = postSolution
		SolutionGuid = {7B70B77D-EDAD-4AB9-B074-AF00BE33A34D}
	EndGlobalSection
EndGlobal
